SITE
  remote: http://community.opscode.com/api/v1
  specs:
    apt (2.3.8)
    build-essential (1.4.4)
    chef_handler (1.1.5)
    dmg (2.1.4)
    git (3.1.0)
      build-essential (>= 0.0.0)
      dmg (>= 0.0.0)
      runit (>= 1.0.0)
      windows (>= 0.0.0)
      yum (~> 3.0)
      yum-epel (>= 0.0.0)
    homebrew (1.5.4)
    homesick (0.4.0)
      git (>= 0.0.0)
    pacman (1.1.1)
    platform_packages (0.4.2)
    python (1.4.6)
      build-essential (>= 0.0.0)
      yum-epel (>= 0.0.0)
    runit (1.5.10)
      build-essential (>= 0.0.0)
      yum (~> 3.0)
      yum-epel (>= 0.0.0)
    windows (1.30.0)
      chef_handler (>= 0.0.0)
    yum (3.1.4)
    yum-epel (0.3.4)
      yum (~> 3.0)

GIT
  remote: https://github.com/peplin/dropbox-cookbook
  ref: master
  sha: 71f5a33909cbdba2c45ed2b8b4aa902e2ead4854
  specs:
    dropbox (0.2.0)
      apt (>= 0.0.0)
      pacman (>= 0.0.0)

GIT
  remote: https://github.com/pivotal-sprout/sprout
  path: osx
  ref: master
  sha: 6c4c6c353f3a232dbc6752cc075b95a343d99c09
  specs:
    osx (0.1.0)

GIT
  remote: https://github.com/pivotal-sprout/sprout
  path: pivotal_workstation
  ref: master
  sha: 6c4c6c353f3a232dbc6752cc075b95a343d99c09
  specs:
    pivotal_workstation (1.0.0)
      dmg (>= 0.0.0)
      homebrew (>= 0.0.0)
      osx (>= 0.0.0)
      sprout-osx-apps (>= 0.0.0)
      sprout-osx-base (>= 0.0.0)
      sprout-osx-settings (>= 0.0.0)
      sprout-pivotal (>= 0.0.0)

GIT
  remote: https://github.com/pivotal-sprout/sprout
  path: sprout-osx-apps
  ref: master
  sha: 6c4c6c353f3a232dbc6752cc075b95a343d99c09
  specs:
    sprout-osx-apps (0.1.0)
      dmg (>= 0.0.0)
      homebrew (>= 0.0.0)
      sprout-osx-base (>= 0.0.0)
      sprout-osx-settings (>= 0.0.0)

GIT
  remote: https://github.com/pivotal-sprout/sprout
  path: sprout-osx-base
  ref: master
  sha: 6c4c6c353f3a232dbc6752cc075b95a343d99c09
  specs:
    sprout-osx-base (0.1.0)

GIT
  remote: https://github.com/pivotal-sprout/sprout
  path: sprout-osx-git
  ref: master
  sha: 6c4c6c353f3a232dbc6752cc075b95a343d99c09
  specs:
    sprout-osx-git (0.1.0)
      homebrew (>= 0.0.0)
      sprout-osx-base (>= 0.0.0)

GIT
  remote: https://github.com/pivotal-sprout/sprout
  path: sprout-osx-rbenv
  ref: master
  sha: 6c4c6c353f3a232dbc6752cc075b95a343d99c09
  specs:
    sprout-osx-rbenv (0.1.0)
      homebrew (>= 0.0.0)
      sprout-osx-base (>= 0.0.0)

GIT
  remote: https://github.com/pivotal-sprout/sprout
  path: sprout-osx-rubymine
  ref: master
  sha: 6c4c6c353f3a232dbc6752cc075b95a343d99c09
  specs:
    sprout-osx-rubymine (0.1.0)
      homebrew (>= 0.0.0)
      sprout-osx-apps (>= 0.0.0)
      sprout-osx-base (>= 0.0.0)

GIT
  remote: https://github.com/pivotal-sprout/sprout
  path: sprout-osx-settings
  ref: master
  sha: 6c4c6c353f3a232dbc6752cc075b95a343d99c09
  specs:
    sprout-osx-settings (0.1.0)
      homebrew (>= 0.0.0)
      osx (>= 0.0.0)
      sprout-osx-base (>= 0.0.0)

GIT
  remote: https://github.com/pivotal-sprout/sprout
  path: sprout-pivotal
  ref: master
  sha: 6c4c6c353f3a232dbc6752cc075b95a343d99c09
  specs:
    sprout-pivotal (0.1.0)
      dmg (>= 0.0.0)
      homebrew (>= 0.0.0)
      sprout-osx-base (>= 0.0.0)

GIT
  remote: https://github.com/pivotal-sprout/sprout-homebrew
  ref: master
  sha: 25251cec3bc0325fcc2f3b6ebb5ce3d135414cca
  specs:
    sprout-homebrew (0.1.0)
      homebrew (>= 0.0.0)

GIT
  remote: https://github.com/pwelch/chef-janus
  ref: master
  sha: 1a64a15f9607f2c29c634310e76268dbc1fbe022
  specs:
    janus (0.0.3)

PATH
  remote: site-cookbooks/meta
  specs:
    meta (0.1.1)
      pivotal_workstation (>= 0.0.0)
      sprout-osx-apps (>= 0.0.0)
      sprout-osx-settings (>= 0.0.0)
      sprout-pivotal (>= 0.0.0)

PATH
  remote: site-cookbooks/patcon
  specs:
    patcon (0.0.0)

DEPENDENCIES
  apt (>= 0)
  dropbox (>= 0)
  homesick (>= 0)
  janus (>= 0)
  meta (>= 0)
  osx (>= 0)
  patcon (>= 0)
  pivotal_workstation (>= 0)
  platform_packages (>= 0)
  python (>= 0)
  sprout-homebrew (>= 0)
  sprout-osx-apps (>= 0)
  sprout-osx-base (>= 0)
  sprout-osx-git (>= 0)
  sprout-osx-rbenv (>= 0)
  sprout-osx-rubymine (>= 0)
  sprout-osx-settings (>= 0)
  sprout-pivotal (>= 0)

